<?xml version="1.0" encoding="utf-8"?>
<Project ToolsVersion="4.0" xmlns="http://schemas.microsoft.com/developer/msbuild/2003">
  <ItemGroup>
    <Filter Include="Source Files">
      <UniqueIdentifier>{4FC737F1-C7A5-4376-A066-2A32D752A2FF}</UniqueIdentifier>
      <Extensions>cpp;c;cc;cxx;c++;cppm;ixx;def;odl;idl;hpj;bat;asm;asmx</Extensions>
    </Filter>
    <Filter Include="Header Files">
      <UniqueIdentifier>{93995380-89BD-4b04-88EB-625FBE52EBFB}</UniqueIdentifier>
      <Extensions>h;hh;hpp;hxx;h++;hm;inl;inc;ipp;xsd</Extensions>
    </Filter>
    <Filter Include="Resource Files">
      <UniqueIdentifier>{67DA6AB6-F800-4c08-8B7A-83BB121AAD01}</UniqueIdentifier>
      <Extensions>rc;ico;cur;bmp;dlg;rc2;rct;bin;rgs;gif;jpg;jpeg;jpe;resx;tiff;tif;png;wav;mfcribbon-ms</Extensions>
    </Filter>
    <Filter Include="ApeMath">
      <UniqueIdentifier>{cd1911a7-ecaf-49c9-a821-87fce1194bdf}</UniqueIdentifier>
    </Filter>
    <Filter Include="raii">
      <UniqueIdentifier>{4ffcfe52-043d-41a3-9cc7-5d9c875e3532}</UniqueIdentifier>
    </Filter>
    <Filter Include="raii\deleter">
      <UniqueIdentifier>{f503abfc-4cdb-4cfb-ac03-0951be9efb27}</UniqueIdentifier>
    </Filter>
  </ItemGroup>
  <ItemGroup>
    <ClCompile Include="MymtlConsole.cpp">
      <Filter>Source Files</Filter>
    </ClCompile>
  </ItemGroup>
  <ItemGroup>
    <ClInclude Include="..\..\src\ApeMath\ApeMath.h">
      <Filter>ApeMath</Filter>
    </ClInclude>
    <ClInclude Include="..\..\src\ApeMath\ApeMath-inl.h">
      <Filter>ApeMath</Filter>
    </ClInclude>
    <ClInclude Include="..\..\src\ApeMath\Matrix.h">
      <Filter>ApeMath</Filter>
    </ClInclude>
    <ClInclude Include="..\..\src\ApeMath\Matrix-inl.h">
      <Filter>ApeMath</Filter>
    </ClInclude>
    <ClInclude Include="..\..\src\ApeMath\MTLConcepts.h">
      <Filter>ApeMath</Filter>
    </ClInclude>
    <ClInclude Include="..\..\src\ApeMath\Vector.h">
      <Filter>ApeMath</Filter>
    </ClInclude>
    <ClInclude Include="..\..\src\ApeMath\Vector-inl.h">
      <Filter>ApeMath</Filter>
    </ClInclude>
    <ClInclude Include="..\..\src\ApeMath\MTLValsCore.h">
      <Filter>ApeMath</Filter>
    </ClInclude>
    <ClInclude Include="..\..\src\ApeMath\Matrix-std.h">
      <Filter>ApeMath</Filter>
    </ClInclude>
    <ClInclude Include="MymtlConsole.h">
      <Filter>Header Files</Filter>
    </ClInclude>
    <ClInclude Include="..\..\src\raii\unique_ptr.hpp">
      <Filter>raii</Filter>
    </ClInclude>
    <ClInclude Include="..\..\src\raii\unique_rc.hpp">
      <Filter>raii</Filter>
    </ClInclude>
    <ClInclude Include="..\..\src\raii\raii_defs.hpp">
      <Filter>raii</Filter>
    </ClInclude>
    <ClInclude Include="..\..\src\raii\deleter\memory_delete.hpp">
      <Filter>raii\deleter</Filter>
    </ClInclude>
    <ClInclude Include="..\..\src\raii\deleter\stdio_fclose.hpp">
      <Filter>raii\deleter</Filter>
    </ClInclude>
    <ClInclude Include="..\..\src\raii\deleter\windows_close_handle.hpp">
      <Filter>raii\deleter</Filter>
    </ClInclude>
    <ClInclude Include="..\..\src\raii\deleter\windows_com_file_dlg_unadvise.hpp">
      <Filter>raii\deleter</Filter>
    </ClInclude>
    <ClInclude Include="..\..\src\raii\deleter\windows_com_release.hpp">
      <Filter>raii\deleter</Filter>
    </ClInclude>
    <ClInclude Include="..\..\src\raii\deleter\windows_dc_deleter.hpp">
      <Filter>raii\deleter</Filter>
    </ClInclude>
    <ClInclude Include="..\..\src\raii\deleter\windows_dc_restore.hpp">
      <Filter>raii\deleter</Filter>
    </ClInclude>
    <ClInclude Include="..\..\src\raii\deleter\windows_gdi_deleter.hpp">
      <Filter>raii\deleter</Filter>
    </ClInclude>
    <ClInclude Include="..\..\src\raii\deleter\windows_gdi_select_object.hpp">
      <Filter>raii\deleter</Filter>
    </ClInclude>
  </ItemGroup>
</Project>